
Microsoft Visual Studio Solution File, Format Version 12.00
# Visual Studio Version 17
VisualStudioVersion = 17.0.32112.339
MinimumVisualStudioVersion = 10.0.40219.1
Project("{FAE04EC0-301F-11D3-BF4B-00C04F79EFBC}") = "JamFan22", "JamFan22\JamFan22.csproj", "{EEA6BC8D-B58E-40E6-AF4E-D73222440D2A}"
EndProject
Global
	GlobalSection(SolutionConfigurationPlatforms) = preSolution
		Debug|Any CPU = Debug|Any CPU
		Release|Any CPU = Release|Any CPU
	EndGlobalSection
	GlobalSection(ProjectConfigurationPlatforms) = postSolution
		{EEA6BC8D-B58E-40E6-AF4E-D73222440D2A}.Debug|Any CPU.ActiveCfg = Debug|Any CPU
		{EEA6BC8D-B58E-40E6-AF4E-D73222440D2A}.Debug|Any CPU.Build.0 = Debug|Any CPU
		{EEA6BC8D-B58E-40E6-AF4E-D73222440D2A}.Release|Any CPU.ActiveCfg = Release|Any CPU
		{EEA6BC8D-B58E-40E6-AF4E-D73222440D2A}.Release|Any CPU.Build.0 = Release|Any CPU
	EndGlobalSection
	GlobalSection(SolutionProperties) = preSolution
		HideSolutionNode = FALSE
	EndGlobalSection
	GlobalSection(ExtensibilityGlobals) = postSolution
		SolutionGuid = {60B62742-A364-408B-9EE3-342D4DCA7F2E}
	EndGlobalSection
EndGlobal
